
Microsoft Visual Studio Solution File, Format Version 12.00
# Visual Studio Version 17
VisualStudioVersion = 17.0.31903.59
MinimumVisualStudioVersion = 10.0.40219.1
Project("{2150E333-8FDC-42A3-9474-1A3956D46DE8}") = "src", "src", "{827E0CD3-B72D-47B6-A68D-7590B98EB39B}"
EndProject
Project("{FAE04EC0-301F-11D3-BF4B-00C04F79EFBC}") = "Virex.NET.Contracts", "src\Virex.NET.Contracts\Virex.NET.Contracts.csproj", "{6865D27C-E5BD-453D-8C68-F73341322D98}"
EndProject
Project("{FAE04EC0-301F-11D3-BF4B-00C04F79EFBC}") = "Virex.NET.Client", "src\Virex.NET.Client\Virex.NET.Client.csproj", "{0D7234E4-8DD3-4BBD-96AB-EDD95E8A22E9}"
EndProject
Project("{FAE04EC0-301F-11D3-BF4B-00C04F79EFBC}") = "Virex.NET.Simulator.Core", "src\Virex.NET.Simulator.Core\Virex.NET.Simulator.Core.csproj", "{B5196607-FF98-4F96-BC4B-B912F13DF598}"
EndProject
Project("{FAE04EC0-301F-11D3-BF4B-00C04F79EFBC}") = "Virex.NET.Simulator.WPF", "src\Virex.NET.Simulator.WPF\Virex.NET.Simulator.WPF.csproj", "{E5A90E26-4B4B-4176-9008-61854EE762F7}"
EndProject
Project("{2150E333-8FDC-42A3-9474-1A3956D46DE8}") = "tests", "tests", "{0AB3BF05-4346-4AA6-1389-037BE0695223}"
EndProject
Project("{FAE04EC0-301F-11D3-BF4B-00C04F79EFBC}") = "Virex.NET.Contracts.Tests", "tests\Virex.NET.Contracts.Tests\Virex.NET.Contracts.Tests.csproj", "{049C1B69-764D-4A85-9CE8-944677251F38}"
EndProject
Project("{2150E333-8FDC-42A3-9474-1A3956D46DE8}") = "samples", "samples", "{5D20AA90-6969-D8BD-9DCD-8634F4692FDA}"
EndProject
Project("{FAE04EC0-301F-11D3-BF4B-00C04F79EFBC}") = "CSharpRawRestSample", "samples\csharp-raw-rest\CSharpRawRestSample.csproj", "{E262C289-E37E-4D94-9450-21BCCC1097F0}"
EndProject
Project("{FAE04EC0-301F-11D3-BF4B-00C04F79EFBC}") = "CSharpRawTcpSample", "samples\csharp-raw-tcp\CSharpRawTcpSample.csproj", "{C80311A4-56E3-4F44-8703-CD4F87B55D67}"
EndProject
Project("{FAE04EC0-301F-11D3-BF4B-00C04F79EFBC}") = "CSharpRawMqttSample", "samples\csharp-raw-mqtt\CSharpRawMqttSample.csproj", "{031AEDBC-3F06-4A5D-B98A-FC1CB2860889}"
EndProject
Project("{FAE04EC0-301F-11D3-BF4B-00C04F79EFBC}") = "CSharpSdkSample", "samples\csharp-sdk\CSharpSdkSample.csproj", "{B729F555-FE2E-4B16-932B-818306230E8C}"
EndProject
Global
	GlobalSection(SolutionConfigurationPlatforms) = preSolution
		Debug|Any CPU = Debug|Any CPU
		Debug|x64 = Debug|x64
		Debug|x86 = Debug|x86
		Release|Any CPU = Release|Any CPU
		Release|x64 = Release|x64
		Release|x86 = Release|x86
	EndGlobalSection
	GlobalSection(ProjectConfigurationPlatforms) = postSolution
		{6865D27C-E5BD-453D-8C68-F73341322D98}.Debug|Any CPU.ActiveCfg = Debug|Any CPU
		{6865D27C-E5BD-453D-8C68-F73341322D98}.Debug|Any CPU.Build.0 = Debug|Any CPU
		{6865D27C-E5BD-453D-8C68-F73341322D98}.Debug|x64.ActiveCfg = Debug|Any CPU
		{6865D27C-E5BD-453D-8C68-F73341322D98}.Debug|x64.Build.0 = Debug|Any CPU
		{6865D27C-E5BD-453D-8C68-F73341322D98}.Debug|x86.ActiveCfg = Debug|Any CPU
		{6865D27C-E5BD-453D-8C68-F73341322D98}.Debug|x86.Build.0 = Debug|Any CPU
		{6865D27C-E5BD-453D-8C68-F73341322D98}.Release|Any CPU.ActiveCfg = Release|Any CPU
		{6865D27C-E5BD-453D-8C68-F73341322D98}.Release|Any CPU.Build.0 = Release|Any CPU
		{6865D27C-E5BD-453D-8C68-F73341322D98}.Release|x64.ActiveCfg = Release|Any CPU
		{6865D27C-E5BD-453D-8C68-F73341322D98}.Release|x64.Build.0 = Release|Any CPU
		{6865D27C-E5BD-453D-8C68-F73341322D98}.Release|x86.ActiveCfg = Release|Any CPU
		{6865D27C-E5BD-453D-8C68-F73341322D98}.Release|x86.Build.0 = Release|Any CPU
		{0D7234E4-8DD3-4BBD-96AB-EDD95E8A22E9}.Debug|Any CPU.ActiveCfg = Debug|Any CPU
		{0D7234E4-8DD3-4BBD-96AB-EDD95E8A22E9}.Debug|Any CPU.Build.0 = Debug|Any CPU
		{0D7234E4-8DD3-4BBD-96AB-EDD95E8A22E9}.Debug|x64.ActiveCfg = Debug|Any CPU
		{0D7234E4-8DD3-4BBD-96AB-EDD95E8A22E9}.Debug|x64.Build.0 = Debug|Any CPU
		{0D7234E4-8DD3-4BBD-96AB-EDD95E8A22E9}.Debug|x86.ActiveCfg = Debug|Any CPU
		{0D7234E4-8DD3-4BBD-96AB-EDD95E8A22E9}.Debug|x86.Build.0 = Debug|Any CPU
		{0D7234E4-8DD3-4BBD-96AB-EDD95E8A22E9}.Release|Any CPU.ActiveCfg = Release|Any CPU
		{0D7234E4-8DD3-4BBD-96AB-EDD95E8A22E9}.Release|Any CPU.Build.0 = Release|Any CPU
		{0D7234E4-8DD3-4BBD-96AB-EDD95E8A22E9}.Release|x64.ActiveCfg = Release|Any CPU
		{0D7234E4-8DD3-4BBD-96AB-EDD95E8A22E9}.Release|x64.Build.0 = Release|Any CPU
		{0D7234E4-8DD3-4BBD-96AB-EDD95E8A22E9}.Release|x86.ActiveCfg = Release|Any CPU
		{0D7234E4-8DD3-4BBD-96AB-EDD95E8A22E9}.Release|x86.Build.0 = Release|Any CPU
		{B5196607-FF98-4F96-BC4B-B912F13DF598}.Debug|Any CPU.ActiveCfg = Debug|Any CPU
		{B5196607-FF98-4F96-BC4B-B912F13DF598}.Debug|Any CPU.Build.0 = Debug|Any CPU
		{B5196607-FF98-4F96-BC4B-B912F13DF598}.Debug|x64.ActiveCfg = Debug|Any CPU
		{B5196607-FF98-4F96-BC4B-B912F13DF598}.Debug|x64.Build.0 = Debug|Any CPU
		{B5196607-FF98-4F96-BC4B-B912F13DF598}.Debug|x86.ActiveCfg = Debug|Any CPU
		{B5196607-FF98-4F96-BC4B-B912F13DF598}.Debug|x86.Build.0 = Debug|Any CPU
		{B5196607-FF98-4F96-BC4B-B912F13DF598}.Release|Any CPU.ActiveCfg = Release|Any CPU
		{B5196607-FF98-4F96-BC4B-B912F13DF598}.Release|Any CPU.Build.0 = Release|Any CPU
		{B5196607-FF98-4F96-BC4B-B912F13DF598}.Release|x64.ActiveCfg = Release|Any CPU
		{B5196607-FF98-4F96-BC4B-B912F13DF598}.Release|x64.Build.0 = Release|Any CPU
		{B5196607-FF98-4F96-BC4B-B912F13DF598}.Release|x86.ActiveCfg = Release|Any CPU
		{B5196607-FF98-4F96-BC4B-B912F13DF598}.Release|x86.Build.0 = Release|Any CPU
		{E5A90E26-4B4B-4176-9008-61854EE762F7}.Debug|Any CPU.ActiveCfg = Debug|Any CPU
		{E5A90E26-4B4B-4176-9008-61854EE762F7}.Debug|Any CPU.Build.0 = Debug|Any CPU
		{E5A90E26-4B4B-4176-9008-61854EE762F7}.Debug|x64.ActiveCfg = Debug|Any CPU
		{E5A90E26-4B4B-4176-9008-61854EE762F7}.Debug|x64.Build.0 = Debug|Any CPU
		{E5A90E26-4B4B-4176-9008-61854EE762F7}.Debug|x86.ActiveCfg = Debug|Any CPU
		{E5A90E26-4B4B-4176-9008-61854EE762F7}.Debug|x86.Build.0 = Debug|Any CPU
		{E5A90E26-4B4B-4176-9008-61854EE762F7}.Release|Any CPU.ActiveCfg = Release|Any CPU
		{E5A90E26-4B4B-4176-9008-61854EE762F7}.Release|Any CPU.Build.0 = Release|Any CPU
		{E5A90E26-4B4B-4176-9008-61854EE762F7}.Release|x64.ActiveCfg = Release|Any CPU
		{E5A90E26-4B4B-4176-9008-61854EE762F7}.Release|x64.Build.0 = Release|Any CPU
		{E5A90E26-4B4B-4176-9008-61854EE762F7}.Release|x86.ActiveCfg = Release|Any CPU
		{E5A90E26-4B4B-4176-9008-61854EE762F7}.Release|x86.Build.0 = Release|Any CPU
		{049C1B69-764D-4A85-9CE8-944677251F38}.Debug|Any CPU.ActiveCfg = Debug|Any CPU
		{049C1B69-764D-4A85-9CE8-944677251F38}.Debug|Any CPU.Build.0 = Debug|Any CPU
		{049C1B69-764D-4A85-9CE8-944677251F38}.Debug|x64.ActiveCfg = Debug|Any CPU
		{049C1B69-764D-4A85-9CE8-944677251F38}.Debug|x64.Build.0 = Debug|Any CPU
		{049C1B69-764D-4A85-9CE8-944677251F38}.Debug|x86.ActiveCfg = Debug|Any CPU
		{049C1B69-764D-4A85-9CE8-944677251F38}.Debug|x86.Build.0 = Debug|Any CPU
		{049C1B69-764D-4A85-9CE8-944677251F38}.Release|Any CPU.ActiveCfg = Release|Any CPU
		{049C1B69-764D-4A85-9CE8-944677251F38}.Release|Any CPU.Build.0 = Release|Any CPU
		{049C1B69-764D-4A85-9CE8-944677251F38}.Release|x64.ActiveCfg = Release|Any CPU
		{049C1B69-764D-4A85-9CE8-944677251F38}.Release|x64.Build.0 = Release|Any CPU
		{049C1B69-764D-4A85-9CE8-944677251F38}.Release|x86.ActiveCfg = Release|Any CPU
		{049C1B69-764D-4A85-9CE8-944677251F38}.Release|x86.Build.0 = Release|Any CPU
		{E262C289-E37E-4D94-9450-21BCCC1097F0}.Debug|Any CPU.ActiveCfg = Debug|Any CPU
		{E262C289-E37E-4D94-9450-21BCCC1097F0}.Debug|Any CPU.Build.0 = Debug|Any CPU
		{E262C289-E37E-4D94-9450-21BCCC1097F0}.Debug|x64.ActiveCfg = Debug|Any CPU
		{E262C289-E37E-4D94-9450-21BCCC1097F0}.Debug|x64.Build.0 = Debug|Any CPU
		{E262C289-E37E-4D94-9450-21BCCC1097F0}.Debug|x86.ActiveCfg = Debug|Any CPU
		{E262C289-E37E-4D94-9450-21BCCC1097F0}.Debug|x86.Build.0 = Debug|Any CPU
		{E262C289-E37E-4D94-9450-21BCCC1097F0}.Release|Any CPU.ActiveCfg = Release|Any CPU
		{E262C289-E37E-4D94-9450-21BCCC1097F0}.Release|Any CPU.Build.0 = Release|Any CPU
		{E262C289-E37E-4D94-9450-21BCCC1097F0}.Release|x64.ActiveCfg = Release|Any CPU
		{E262C289-E37E-4D94-9450-21BCCC1097F0}.Release|x64.Build.0 = Release|Any CPU
		{E262C289-E37E-4D94-9450-21BCCC1097F0}.Release|x86.ActiveCfg = Release|Any CPU
		{E262C289-E37E-4D94-9450-21BCCC1097F0}.Release|x86.Build.0 = Release|Any CPU
		{C80311A4-56E3-4F44-8703-CD4F87B55D67}.Debug|Any CPU.ActiveCfg = Debug|Any CPU
		{C80311A4-56E3-4F44-8703-CD4F87B55D67}.Debug|Any CPU.Build.0 = Debug|Any CPU
		{C80311A4-56E3-4F44-8703-CD4F87B55D67}.Debug|x64.ActiveCfg = Debug|Any CPU
		{C80311A4-56E3-4F44-8703-CD4F87B55D67}.Debug|x64.Build.0 = Debug|Any CPU
		{C80311A4-56E3-4F44-8703-CD4F87B55D67}.Debug|x86.ActiveCfg = Debug|Any CPU
		{C80311A4-56E3-4F44-8703-CD4F87B55D67}.Debug|x86.Build.0 = Debug|Any CPU
		{C80311A4-56E3-4F44-8703-CD4F87B55D67}.Release|Any CPU.ActiveCfg = Release|Any CPU
		{C80311A4-56E3-4F44-8703-CD4F87B55D67}.Release|Any CPU.Build.0 = Release|Any CPU
		{C80311A4-56E3-4F44-8703-CD4F87B55D67}.Release|x64.ActiveCfg = Release|Any CPU
		{C80311A4-56E3-4F44-8703-CD4F87B55D67}.Release|x64.Build.0 = Release|Any CPU
		{C80311A4-56E3-4F44-8703-CD4F87B55D67}.Release|x86.ActiveCfg = Release|Any CPU
		{C80311A4-56E3-4F44-8703-CD4F87B55D67}.Release|x86.Build.0 = Release|Any CPU
		{031AEDBC-3F06-4A5D-B98A-FC1CB2860889}.Debug|Any CPU.ActiveCfg = Debug|Any CPU
		{031AEDBC-3F06-4A5D-B98A-FC1CB2860889}.Debug|Any CPU.Build.0 = Debug|Any CPU
		{031AEDBC-3F06-4A5D-B98A-FC1CB2860889}.Debug|x64.ActiveCfg = Debug|Any CPU
		{031AEDBC-3F06-4A5D-B98A-FC1CB2860889}.Debug|x64.Build.0 = Debug|Any CPU
		{031AEDBC-3F06-4A5D-B98A-FC1CB2860889}.Debug|x86.ActiveCfg = Debug|Any CPU
		{031AEDBC-3F06-4A5D-B98A-FC1CB2860889}.Debug|x86.Build.0 = Debug|Any CPU
		{031AEDBC-3F06-4A5D-B98A-FC1CB2860889}.Release|Any CPU.ActiveCfg = Release|Any CPU
		{031AEDBC-3F06-4A5D-B98A-FC1CB2860889}.Release|Any CPU.Build.0 = Release|Any CPU
		{031AEDBC-3F06-4A5D-B98A-FC1CB2860889}.Release|x64.ActiveCfg = Release|Any CPU
		{031AEDBC-3F06-4A5D-B98A-FC1CB2860889}.Release|x64.Build.0 = Release|Any CPU
		{031AEDBC-3F06-4A5D-B98A-FC1CB2860889}.Release|x86.ActiveCfg = Release|Any CPU
		{031AEDBC-3F06-4A5D-B98A-FC1CB2860889}.Release|x86.Build.0 = Release|Any CPU
		{B729F555-FE2E-4B16-932B-818306230E8C}.Debug|Any CPU.ActiveCfg = Debug|Any CPU
		{B729F555-FE2E-4B16-932B-818306230E8C}.Debug|Any CPU.Build.0 = Debug|Any CPU
		{B729F555-FE2E-4B16-932B-818306230E8C}.Debug|x64.ActiveCfg = Debug|Any CPU
		{B729F555-FE2E-4B16-932B-818306230E8C}.Debug|x64.Build.0 = Debug|Any CPU
		{B729F555-FE2E-4B16-932B-818306230E8C}.Debug|x86.ActiveCfg = Debug|Any CPU
		{B729F555-FE2E-4B16-932B-818306230E8C}.Debug|x86.Build.0 = Debug|Any CPU
		{B729F555-FE2E-4B16-932B-818306230E8C}.Release|Any CPU.ActiveCfg = Release|Any CPU
		{B729F555-FE2E-4B16-932B-818306230E8C}.Release|Any CPU.Build.0 = Release|Any CPU
		{B729F555-FE2E-4B16-932B-818306230E8C}.Release|x64.ActiveCfg = Release|Any CPU
		{B729F555-FE2E-4B16-932B-818306230E8C}.Release|x64.Build.0 = Release|Any CPU
		{B729F555-FE2E-4B16-932B-818306230E8C}.Release|x86.ActiveCfg = Release|Any CPU
		{B729F555-FE2E-4B16-932B-818306230E8C}.Release|x86.Build.0 = Release|Any CPU
	EndGlobalSection
	GlobalSection(SolutionProperties) = preSolution
		HideSolutionNode = FALSE
	EndGlobalSection
	GlobalSection(NestedProjects) = preSolution
		{6865D27C-E5BD-453D-8C68-F73341322D98} = {827E0CD3-B72D-47B6-A68D-7590B98EB39B}
		{0D7234E4-8DD3-4BBD-96AB-EDD95E8A22E9} = {827E0CD3-B72D-47B6-A68D-7590B98EB39B}
		{B5196607-FF98-4F96-BC4B-B912F13DF598} = {827E0CD3-B72D-47B6-A68D-7590B98EB39B}
		{E5A90E26-4B4B-4176-9008-61854EE762F7} = {827E0CD3-B72D-47B6-A68D-7590B98EB39B}
		{049C1B69-764D-4A85-9CE8-944677251F38} = {0AB3BF05-4346-4AA6-1389-037BE0695223}
		{E262C289-E37E-4D94-9450-21BCCC1097F0} = {5D20AA90-6969-D8BD-9DCD-8634F4692FDA}
		{C80311A4-56E3-4F44-8703-CD4F87B55D67} = {5D20AA90-6969-D8BD-9DCD-8634F4692FDA}
		{031AEDBC-3F06-4A5D-B98A-FC1CB2860889} = {5D20AA90-6969-D8BD-9DCD-8634F4692FDA}
		{B729F555-FE2E-4B16-932B-818306230E8C} = {5D20AA90-6969-D8BD-9DCD-8634F4692FDA}
	EndGlobalSection
EndGlobal
